# This file is @generated by PDM.
# It is not intended for manual editing.

[metadata]
groups = ["default", "dev"]
strategy = ["inherit_metadata"]
lock_version = "4.5.0"
content_hash = "sha256:c03759d3e57bb44f44bd50d0481b7ea7c7d16d71e79cfad41660bf1e559fb5af"

[[metadata.targets]]
requires_python = ">=3.14"

[[package]]
name = "annotated-types"
version = "0.7.0"
requires_python = ">=3.8"
summary = "Reusable constraint types to use with typing.Annotated"
groups = ["default"]
dependencies = [
    "typing-extensions>=4.0.0; python_version < \"3.9\"",
]
files = [
    {file = "annotated_types-0.7.0-py3-none-any.whl", hash = "sha256:1f02e8b43a8fbbc3f3e0d4f0f4bfc8131bcb4eebe8849b8e5c773f3a1c582a53"},
    {file = "annotated_types-0.7.0.tar.gz", hash = "sha256:aff07c09a53a08bc8cfccb9c85b05f1aa9a2a6f23728d790723543408344ce89"},
]

[[package]]
name = "colorama"
version = "0.4.6"
requires_python = "!=3.0.*,!=3.1.*,!=3.2.*,!=3.3.*,!=3.4.*,!=3.5.*,!=3.6.*,>=2.7"
summary = "Cross-platform colored terminal text."
groups = ["dev"]
marker = "sys_platform == \"win32\""
files = [
    {file = "colorama-0.4.6-py2.py3-none-any.whl", hash = "sha256:4f1d9991f5acc0ca119f9d443620b77f9d6b33703e51011c16baf57afb285fc6"},
    {file = "colorama-0.4.6.tar.gz", hash = "sha256:08695f5cb7ed6e0531a20572697297273c47b8cae5a63ffc6d6ed5c201be6e44"},
]

[[package]]
name = "coverage"
version = "7.13.5"
requires_python = ">=3.10"
summary = "Code coverage measurement for Python"
groups = ["dev"]
files = [
    {file = "coverage-7.13.5-cp314-cp314-macosx_10_15_x86_64.whl", hash = "sha256:fbabfaceaeb587e16f7008f7795cd80d20ec548dc7f94fbb0d4ec2e038ce563f"},
    {file = "coverage-7.13.5-cp314-cp314-macosx_11_0_arm64.whl", hash = "sha256:9bb2a28101a443669a423b665939381084412b81c3f8c0fcfbac57f4e30b5b8e"},
    {file = "coverage-7.13.5-cp314-cp314-manylinux1_i686.manylinux_2_28_i686.manylinux_2_5_i686.whl", hash = "sha256:bd3a2fbc1c6cccb3c5106140d87cc6a8715110373ef42b63cf5aea29df8c217a"},
    {file = "coverage-7.13.5-cp314-cp314-manylinux1_x86_64.manylinux_2_28_x86_64.manylinux_2_5_x86_64.whl", hash = "sha256:6c36ddb64ed9d7e496028d1d00dfec3e428e0aabf4006583bb1839958d280510"},
    {file = "coverage-7.13.5-cp314-cp314-manylinux2014_aarch64.manylinux_2_17_aarch64.manylinux_2_28_aarch64.whl", hash = "sha256:380e8e9084d8eb38db3a9176a1a4f3c0082c3806fa0dc882d1d87abc3c789247"},
    {file = "coverage-7.13.5-cp314-cp314-manylinux2014_ppc64le.manylinux_2_17_ppc64le.manylinux_2_28_ppc64le.whl", hash = "sha256:e808af52a0513762df4d945ea164a24b37f2f518cbe97e03deaa0ee66139b4d6"},
    {file = "coverage-7.13.5-cp314-cp314-manylinux_2_31_riscv64.manylinux_2_39_riscv64.whl", hash = "sha256:e301d30dd7e95ae068671d746ba8c34e945a82682e62918e41b2679acd2051a0"},
    {file = "coverage-7.13.5-cp314-cp314-musllinux_1_2_aarch64.whl", hash = "sha256:800bc829053c80d240a687ceeb927a94fd108bbdc68dfbe505d0d75ab578a882"},
    {file = "coverage-7.13.5-cp314-cp314-musllinux_1_2_i686.whl", hash = "sha256:0b67af5492adb31940ee418a5a655c28e48165da5afab8c7fa6fd72a142f8740"},
    {file = "coverage-7.13.5-cp314-cp314-musllinux_1_2_ppc64le.whl", hash = "sha256:c9136ff29c3a91e25b1d1552b5308e53a1e0653a23e53b6366d7c2dcbbaf8a16"},
    {file = "coverage-7.13.5-cp314-cp314-musllinux_1_2_riscv64.whl", hash = "sha256:cff784eef7f0b8f6cb28804fbddcfa99f89efe4cc35fb5627e3ac58f91ed3ac0"},
    {file = "coverage-7.13.5-cp314-cp314-musllinux_1_2_x86_64.whl", hash = "sha256:68a4953be99b17ac3c23b6efbc8a38330d99680c9458927491d18700ef23ded0"},
    {file = "coverage-7.13.5-cp314-cp314-win32.whl", hash = "sha256:35a31f2b1578185fbe6aa2e74cea1b1d0bbf4c552774247d9160d29b80ed56cc"},
    {file = "coverage-7.13.5-cp314-cp314-win_amd64.whl", hash = "sha256:2aa055ae1857258f9e0045be26a6d62bdb47a72448b62d7b55f4820f361a2633"},
    {file = "coverage-7.13.5-cp314-cp314-win_arm64.whl", hash = "sha256:1b11eef33edeae9d142f9b4358edb76273b3bfd30bc3df9a4f95d0e49caf94e8"},
    {file = "coverage-7.13.5-cp314-cp314t-macosx_10_15_x86_64.whl", hash = "sha256:10a0c37f0b646eaff7cce1874c31d1f1ccb297688d4c747291f4f4c70741cc8b"},
    {file = "coverage-7.13.5-cp314-cp314t-macosx_11_0_arm64.whl", hash = "sha256:b5db73ba3c41c7008037fa731ad5459fc3944cb7452fc0aa9f822ad3533c583c"},
    {file = "coverage-7.13.5-cp314-cp314t-manylinux1_i686.manylinux_2_28_i686.manylinux_2_5_i686.whl", hash = "sha256:750db93a81e3e5a9831b534be7b1229df848b2e125a604fe6651e48aa070e5f9"},
    {file = "coverage-7.13.5-cp314-cp314t-manylinux1_x86_64.manylinux_2_28_x86_64.manylinux_2_5_x86_64.whl", hash = "sha256:9ddb4f4a5479f2539644be484da179b653273bca1a323947d48ab107b3ed1f29"},
    {file = "coverage-7.13.5-cp314-cp314t-manylinux2014_aarch64.manylinux_2_17_aarch64.manylinux_2_28_aarch64.whl", hash = "sha256:d8a7a2049c14f413163e2bdabd37e41179b1d1ccb10ffc6ccc4b7a718429c607"},
    {file = "coverage-7.13.5-cp314-cp314t-manylinux2014_ppc64le.manylinux_2_17_ppc64le.manylinux_2_28_ppc64le.whl", hash = "sha256:e1c85e0b6c05c592ea6d8768a66a254bfb3874b53774b12d4c89c481eb78cb90"},
    {file = "coverage-7.13.5-cp314-cp314t-manylinux_2_31_riscv64.manylinux_2_39_riscv64.whl", hash = "sha256:777c4d1eff1b67876139d24288aaf1817f6c03d6bae9c5cc8d27b83bcfe38fe3"},
    {file = "coverage-7.13.5-cp314-cp314t-musllinux_1_2_aarch64.whl", hash = "sha256:6697e29b93707167687543480a40f0db8f356e86d9f67ddf2e37e2dfd91a9dab"},
    {file = "coverage-7.13.5-cp314-cp314t-musllinux_1_2_i686.whl", hash = "sha256:8fdf453a942c3e4d99bd80088141c4c6960bb232c409d9c3558e2dbaa3998562"},
    {file = "coverage-7.13.5-cp314-cp314t-musllinux_1_2_ppc64le.whl", hash = "sha256:32ca0c0114c9834a43f045a87dcebd69d108d8ffb666957ea65aa132f50332e2"},
    {file = "coverage-7.13.5-cp314-cp314t-musllinux_1_2_riscv64.whl", hash = "sha256:8769751c10f339021e2638cd354e13adeac54004d1941119b2c96fe5276d45ea"},
    {file = "coverage-7.13.5-cp314-cp314t-musllinux_1_2_x86_64.whl", hash = "sha256:cec2d83125531bd153175354055cdb7a09987af08a9430bd173c937c6d0fba2a"},
    {file = "coverage-7.13.5-cp314-cp314t-win32.whl", hash = "sha256:0cd9ed7a8b181775459296e402ca4fb27db1279740a24e93b3b41942ebe4b215"},
    {file = "coverage-7.13.5-cp314-cp314t-win_amd64.whl", hash = "sha256:301e3b7dfefecaca37c9f1aa6f0049b7d4ab8dd933742b607765d757aca77d43"},
    {file = "coverage-7.13.5-cp314-cp314t-win_arm64.whl", hash = "sha256:9dacc2ad679b292709e0f5fc1ac74a6d4d5562e424058962c7bb0c658ad25e45"},
    {file = "coverage-7.13.5-py3-none-any.whl", hash = "sha256:34b02417cf070e173989b3db962f7ed56d2f644307b2cf9d5a0f258e13084a61"},
    {file = "coverage-7.13.5.tar.gz", hash = "sha256:c81f6515c4c40141f83f502b07bbfa5c240ba25bbe73da7b33f1e5b6120ff179"},
]

[[package]]
name = "iniconfig"
version = "2.3.0"
requires_python = ">=3.10"
summary = "brain-dead simple config-ini parsing"
groups = ["dev"]
files = [
    {file = "iniconfig-2.3.0-py3-none-any.whl", hash = "sha256:f631c04d2c48c52b84d0d0549c99ff3859c98df65b3101406327ecc7d53fbf12"},
    {file = "iniconfig-2.3.0.tar.gz", hash = "sha256:c76315c77db068650d49c5b56314774a7804df16fee4402c1f19d6d15d8c4730"},
]

[[package]]
name = "packaging"
version = "26.0"
requires_python = ">=3.8"
summary = "Core utilities for Python packages"
groups = ["dev"]
files = [
    {file = "packaging-26.0-py3-none-any.whl", hash = "sha256:b36f1fef9334a5588b4166f8bcd26a14e521f2b55e6b9de3aaa80d3ff7a37529"},
    {file = "packaging-26.0.tar.gz", hash = "sha256:00243ae351a257117b6a241061796684b084ed1c516a08c48a3f7e147a9d80b4"},
]

[[package]]
name = "pluggy"
version = "1.6.0"
requires_python = ">=3.9"
summary = "plugin and hook calling mechanisms for python"
groups = ["dev"]
files = [
    {file = "pluggy-1.6.0-py3-none-any.whl", hash = "sha256:e920276dd6813095e9377c0bc5566d94c932c33b27a3e3945d8389c374dd4746"},
    {file = "pluggy-1.6.0.tar.gz", hash = "sha256:7dcc130b76258d33b90f61b658791dede3486c3e6bfb003ee5c9bfb396dd22f3"},
]

[[package]]
name = "pydantic"
version = "2.13.0b2"
requires_python = ">=3.9"
summary = "Data validation using Python type hints"
groups = ["default"]
dependencies = [
    "annotated-types>=0.6.0",
    "pydantic-core==2.42.0",
    "typing-extensions>=4.14.1",
    "typing-inspection>=0.4.2",
]
files = [
    {file = "pydantic-2.13.0b2-py3-none-any.whl", hash = "sha256:42a3dee97ad2b50b7489ad4fe8dfec509cb613487da9a3c19d480f0880e223bc"},
    {file = "pydantic-2.13.0b2.tar.gz", hash = "sha256:255b95518090cd7090b605ef975957b07f724778f71dafc850a7442e088e7b99"},
]

[[package]]
name = "pydantic-core"
version = "2.42.0"
requires_python = ">=3.9"
summary = "Core functionality for Pydantic validation and serialization"
groups = ["default"]
dependencies = [
    "typing-extensions>=4.14.1",
]
files = [
    {file = "pydantic_core-2.42.0-cp314-cp314-macosx_10_12_x86_64.whl", hash = "sha256:de4c9ad4615983b3fb2ee57f5c570cf964bda13353c6c41a54dac394927f0e54"},
    {file = "pydantic_core-2.42.0-cp314-cp314-macosx_11_0_arm64.whl", hash = "sha256:129d5e6357814e4567e18b2ded4c210919aafd9ef0887235561f8d853fd34123"},
    {file = "pydantic_core-2.42.0-cp314-cp314-manylinux_2_17_aarch64.manylinux2014_aarch64.whl", hash = "sha256:f4c45582a5dac4649e512840ad212a5c2f9d168622f8db8863e8a29b54a29dfd"},
    {file = "pydantic_core-2.42.0-cp314-cp314-manylinux_2_17_armv7l.manylinux2014_armv7l.whl", hash = "sha256:a97fc19afb730b45de55d2e80093f1a36effc29538dec817204c929add8f2b4a"},
    {file = "pydantic_core-2.42.0-cp314-cp314-manylinux_2_17_ppc64le.manylinux2014_ppc64le.whl", hash = "sha256:e45d83d38d94f22ffe9a0f0393b23e25bfefe4804ae63c8013906b76ab8de8ed"},
    {file = "pydantic_core-2.42.0-cp314-cp314-manylinux_2_17_s390x.manylinux2014_s390x.whl", hash = "sha256:c3060192d8b63611a2abb26eccadddff5602a66491b8fafd9ae34fb67302ae84"},
    {file = "pydantic_core-2.42.0-cp314-cp314-manylinux_2_17_x86_64.manylinux2014_x86_64.whl", hash = "sha256:5f17739150af9dc58b5c8fc3c4a1826ff84461f11b9f8ad5618445fcdd1ccec6"},
    {file = "pydantic_core-2.42.0-cp314-cp314-manylinux_2_5_i686.manylinux1_i686.whl", hash = "sha256:6d14e4c229467a7c27aa7c71e21584b3d77352ccb64e968fdbed4633373f73f7"},
    {file = "pydantic_core-2.42.0-cp314-cp314-musllinux_1_1_aarch64.whl", hash = "sha256:aaef75e1b54366c7ccfbf4fc949ceaaa0f4c87e106df850354be6c7d45143db0"},
    {file = "pydantic_core-2.42.0-cp314-cp314-musllinux_1_1_armv7l.whl", hash = "sha256:d2e362dceeeb4d56fd63e649c2de3ad4c3aa448b13ab8a9976e23a669f9c1854"},
    {file = "pydantic_core-2.42.0-cp314-cp314-musllinux_1_1_x86_64.whl", hash = "sha256:a8edee724b527818bf0a6c8e677549794c0d0caffd14492851bd7a4ceab0f258"},
    {file = "pydantic_core-2.42.0-cp314-cp314-win32.whl", hash = "sha256:a10c105c221f68221cb81be71f063111172f5ddf8b06f6494560e826c148f872"},
    {file = "pydantic_core-2.42.0-cp314-cp314-win_amd64.whl", hash = "sha256:232d86e00870aceee7251aa5f4ab17e3e4864a4656c015f8e03d1223bf8e17ba"},
    {file = "pydantic_core-2.42.0-cp314-cp314-win_arm64.whl", hash = "sha256:9a6fce4e778c2fe2b3f1df63bfaa522c147668517ba040c49ad7f67a66867cff"},
    {file = "pydantic_core-2.42.0-cp314-cp314t-macosx_10_12_x86_64.whl", hash = "sha256:f4d1670fbc5488cfb18dd9fc71a2c7c8e12caeeb6e5bb641aa351ac5e01963cf"},
    {file = "pydantic_core-2.42.0-cp314-cp314t-macosx_11_0_arm64.whl", hash = "sha256:baeae16666139d0110f1006a06809228f5293ab84e77f4b9dda2bdee95d6c4e8"},
    {file = "pydantic_core-2.42.0-cp314-cp314t-manylinux_2_17_aarch64.manylinux2014_aarch64.whl", hash = "sha256:7a77c7a8cedf5557a4e5547dabf55a8ec99949162bd7925b312f6ec37c24101c"},
    {file = "pydantic_core-2.42.0-cp314-cp314t-manylinux_2_17_armv7l.manylinux2014_armv7l.whl", hash = "sha256:133fccf13546ff2a0610cc5b978dd4ee2c7f55a7a86b6b722fd6e857694bacc5"},
    {file = "pydantic_core-2.42.0-cp314-cp314t-manylinux_2_17_ppc64le.manylinux2014_ppc64le.whl", hash = "sha256:ad5dbebfbab92cf0f6d0b13d55bf0a239880a1534377edf6387e2e7a4469f131"},
    {file = "pydantic_core-2.42.0-cp314-cp314t-manylinux_2_17_s390x.manylinux2014_s390x.whl", hash = "sha256:e6c0181016cb29ba4824940246606a8e13b1135de8306e00b5bd9d1efbc4cf85"},
    {file = "pydantic_core-2.42.0-cp314-cp314t-manylinux_2_17_x86_64.manylinux2014_x86_64.whl", hash = "sha256:020cfd7041cb71eac4dc93a29a6d5ec34f10b1fdc37f4f189c25bcc6748a2f97"},
    {file = "pydantic_core-2.42.0-cp314-cp314t-manylinux_2_5_i686.manylinux1_i686.whl", hash = "sha256:f73c6de3ee24f2b614d344491eda5628c4cdf3e7b79c0ac69bb40884ced2d319"},
    {file = "pydantic_core-2.42.0-cp314-cp314t-musllinux_1_1_aarch64.whl", hash = "sha256:b2b448da50e1e8d5aac786dcf441afa761d26f1be4532b52cdf50864b47bd784"},
    {file = "pydantic_core-2.42.0-cp314-cp314t-musllinux_1_1_armv7l.whl", hash = "sha256:0df0488b1f548ef874b45bbc60a70631eee0177b79b5527344d7a253e77a5ed2"},
    {file = "pydantic_core-2.42.0-cp314-cp314t-musllinux_1_1_x86_64.whl", hash = "sha256:b8aa32697701dc36c956f4a78172549adbe25eacba952bbfbde786fb66316151"},
    {file = "pydantic_core-2.42.0-cp314-cp314t-win32.whl", hash = "sha256:173de56229897ff81b650ca9ed6f4c62401c49565234d3e9ae251119f6fd45c6"},
    {file = "pydantic_core-2.42.0-cp314-cp314t-win_amd64.whl", hash = "sha256:2db227cf6797c286361f8d1e52b513f358a3ff9ebdede335e55a5edf4c59f06b"},
    {file = "pydantic_core-2.42.0-cp314-cp314t-win_arm64.whl", hash = "sha256:a983862733ecaf0b5c7275145f86397bde4ee1ad84cf650e1d7af7febe5f7073"},
    {file = "pydantic_core-2.42.0.tar.gz", hash = "sha256:34068adadf673c872f01265fa17ec00073e99d7f53f6d499bdfae652f330b3d2"},
]

[[package]]
name = "pygments"
version = "2.19.2"
requires_python = ">=3.8"
summary = "Pygments is a syntax highlighting package written in Python."
groups = ["dev"]
files = [
    {file = "pygments-2.19.2-py3-none-any.whl", hash = "sha256:86540386c03d588bb81d44bc3928634ff26449851e99741617ecb9037ee5ec0b"},
    {file = "pygments-2.19.2.tar.gz", hash = "sha256:636cb2477cec7f8952536970bc533bc43743542f70392ae026374600add5b887"},
]

[[package]]
name = "pytest"
version = "9.0.2"
requires_python = ">=3.10"
summary = "pytest: simple powerful testing with Python"
groups = ["dev"]
dependencies = [
    "colorama>=0.4; sys_platform == \"win32\"",
    "exceptiongroup>=1; python_version < \"3.11\"",
    "iniconfig>=1.0.1",
    "packaging>=22",
    "pluggy<2,>=1.5",
    "pygments>=2.7.2",
    "tomli>=1; python_version < \"3.11\"",
]
files = [
    {file = "pytest-9.0.2-py3-none-any.whl", hash = "sha256:711ffd45bf766d5264d487b917733b453d917afd2b0ad65223959f59089f875b"},
    {file = "pytest-9.0.2.tar.gz", hash = "sha256:75186651a92bd89611d1d9fc20f0b4345fd827c41ccd5c299a868a05d70edf11"},
]

[[package]]
name = "typing-extensions"
version = "4.15.0"
requires_python = ">=3.9"
summary = "Backported and Experimental Type Hints for Python 3.9+"
groups = ["default"]
files = [
    {file = "typing_extensions-4.15.0-py3-none-any.whl", hash = "sha256:f0fa19c6845758ab08074a0cfa8b7aecb71c999ca73d62883bc25cc018c4e548"},
    {file = "typing_extensions-4.15.0.tar.gz", hash = "sha256:0cea48d173cc12fa28ecabc3b837ea3cf6f38c6d1136f85cbaaf598984861466"},
]

[[package]]
name = "typing-inspection"
version = "0.4.2"
requires_python = ">=3.9"
summary = "Runtime typing introspection tools"
groups = ["default"]
dependencies = [
    "typing-extensions>=4.12.0",
]
files = [
    {file = "typing_inspection-0.4.2-py3-none-any.whl", hash = "sha256:4ed1cacbdc298c220f1bd249ed5287caa16f34d44ef4e9c3d0cbad5b521545e7"},
    {file = "typing_inspection-0.4.2.tar.gz", hash = "sha256:ba561c48a67c5958007083d386c3295464928b01faa735ab8547c5692e87f464"},
]
